// !$*UTF8*$!
{
	archiveVersion = 1;
	classes = {
	};
	objectVersion = 46;
	objects = {

/* Begin PBXBuildFile section */
		EB9F63FD1D787DB800832CC6 /* Assets.xcassets in Resources */ = {isa = PBXBuildFile; fileRef = EB9F63FC1D787DB800832CC6 /* Assets.xcassets */; };
		EB9F64161D787DB800832CC6 /* Zaragoza_s_bus_infoUITests.swift in Sources */ = {isa = PBXBuildFile; fileRef = EB9F64151D787DB800832CC6 /* Zaragoza_s_bus_infoUITests.swift */; };
		EB9F64281D787F7500832CC6 /* LaunchScreen.storyboard in Resources */ = {isa = PBXBuildFile; fileRef = EB9F64261D787F7500832CC6 /* LaunchScreen.storyboard */; };
		EB9F64291D787F7500832CC6 /* Main.storyboard in Resources */ = {isa = PBXBuildFile; fileRef = EB9F64271D787F7500832CC6 /* Main.storyboard */; };
		EB9F642C1D787F8500832CC6 /* AppDelegate.swift in Sources */ = {isa = PBXBuildFile; fileRef = EB9F642A1D787F8500832CC6 /* AppDelegate.swift */; };
		EB9F642F1D787FC700832CC6 /* MainViewController.swift in Sources */ = {isa = PBXBuildFile; fileRef = EB9F642E1D787FC700832CC6 /* MainViewController.swift */; };
		EB9F64351D78851B00832CC6 /* APIRequest.swift in Sources */ = {isa = PBXBuildFile; fileRef = EB9F64331D7880DE00832CC6 /* APIRequest.swift */; };
		EB9F64371D78864700832CC6 /* BusStopsAPIRequest.swift in Sources */ = {isa = PBXBuildFile; fileRef = EB9F64361D78864700832CC6 /* BusStopsAPIRequest.swift */; };
		EB9F643C1D7887D100832CC6 /* BusStop.swift in Sources */ = {isa = PBXBuildFile; fileRef = EB9F643B1D7887D100832CC6 /* BusStop.swift */; };
		EB9F643E1D78898400832CC6 /* BusStopsAPIRequestTests.swift in Sources */ = {isa = PBXBuildFile; fileRef = EB9F643D1D78898400832CC6 /* BusStopsAPIRequestTests.swift */; };
		EB9F64401D7889F000832CC6 /* BusStopsPopulated.txt in Resources */ = {isa = PBXBuildFile; fileRef = EB9F643F1D7889F000832CC6 /* BusStopsPopulated.txt */; };
		EB9F64411D788A9C00832CC6 /* BusStop.swift in Sources */ = {isa = PBXBuildFile; fileRef = EB9F643B1D7887D100832CC6 /* BusStop.swift */; };
		EB9F64421D788AA400832CC6 /* BusStopsAPIRequest.swift in Sources */ = {isa = PBXBuildFile; fileRef = EB9F64361D78864700832CC6 /* BusStopsAPIRequest.swift */; };
		EB9F64431D788D2C00832CC6 /* APIRequest.swift in Sources */ = {isa = PBXBuildFile; fileRef = EB9F64331D7880DE00832CC6 /* APIRequest.swift */; };
		EB9F64461D78A6BC00832CC6 /* BusStopsEmpty.txt in Resources */ = {isa = PBXBuildFile; fileRef = EB9F64441D78A6BC00832CC6 /* BusStopsEmpty.txt */; };
		EB9F64471D78A6BC00832CC6 /* BusStopsOneLocation.txt in Resources */ = {isa = PBXBuildFile; fileRef = EB9F64451D78A6BC00832CC6 /* BusStopsOneLocation.txt */; };
		EB9F644D1D78B50300832CC6 /* BusStopCell.swift in Sources */ = {isa = PBXBuildFile; fileRef = EB9F644C1D78B50300832CC6 /* BusStopCell.swift */; };
		EB9F64511D78C9F600832CC6 /* MapImageAPIRequest.swift in Sources */ = {isa = PBXBuildFile; fileRef = EB9F64501D78C9F600832CC6 /* MapImageAPIRequest.swift */; };
		EBAB39731D7967890024D72D /* BusArrival.swift in Sources */ = {isa = PBXBuildFile; fileRef = EBAB39721D7967890024D72D /* BusArrival.swift */; };
		EBAB39741D7967890024D72D /* BusArrival.swift in Sources */ = {isa = PBXBuildFile; fileRef = EBAB39721D7967890024D72D /* BusArrival.swift */; };
		EBAB39771D796D7C0024D72D /* BusArrivalsEmpty.txt in Resources */ = {isa = PBXBuildFile; fileRef = EBAB39751D796D7C0024D72D /* BusArrivalsEmpty.txt */; };
		EBAB39781D796D7C0024D72D /* BusArrivalsEmpty.txt in Resources */ = {isa = PBXBuildFile; fileRef = EBAB39751D796D7C0024D72D /* BusArrivalsEmpty.txt */; };
		EBAB39791D796D7C0024D72D /* BusArrivalsOneEstimate.txt in Resources */ = {isa = PBXBuildFile; fileRef = EBAB39761D796D7C0024D72D /* BusArrivalsOneEstimate.txt */; };
		EBAB397A1D796D7C0024D72D /* BusArrivalsOneEstimate.txt in Resources */ = {isa = PBXBuildFile; fileRef = EBAB39761D796D7C0024D72D /* BusArrivalsOneEstimate.txt */; };
		EBAB397C1D797D8E0024D72D /* MainViewModel.swift in Sources */ = {isa = PBXBuildFile; fileRef = EBAB397B1D797D8E0024D72D /* MainViewModel.swift */; };
		EBAFA86E1D78CAAD00A3DF0A /* Info.plist in Resources */ = {isa = PBXBuildFile; fileRef = EB9F642B1D787F8500832CC6 /* Info.plist */; };
		EBAFA86F1D78CAC100A3DF0A /* MapImageAPIRequest.swift in Sources */ = {isa = PBXBuildFile; fileRef = EB9F64501D78C9F600832CC6 /* MapImageAPIRequest.swift */; };
		EBAFA8711D78DD8500A3DF0A /* BusArrivalAPIRequest.swift in Sources */ = {isa = PBXBuildFile; fileRef = EBAFA8701D78DD8500A3DF0A /* BusArrivalAPIRequest.swift */; };
		EBAFA8731D79653A00A3DF0A /* BusArrivalsPopulated.txt in Resources */ = {isa = PBXBuildFile; fileRef = EBAFA8721D79653A00A3DF0A /* BusArrivalsPopulated.txt */; };
		EBAFA8751D79654D00A3DF0A /* BusArrivalAPIRequestTests.swift in Sources */ = {isa = PBXBuildFile; fileRef = EBAFA8741D79654D00A3DF0A /* BusArrivalAPIRequestTests.swift */; };
		EBAFA8771D79667400A3DF0A /* BusArrivalAPIRequest.swift in Sources */ = {isa = PBXBuildFile; fileRef = EBAFA8701D78DD8500A3DF0A /* BusArrivalAPIRequest.swift */; };
/* End PBXBuildFile section */

/* Begin PBXContainerItemProxy section */
		EB9F64071D787DB800832CC6 /* PBXContainerItemProxy */ = {
			isa = PBXContainerItemProxy;
			containerPortal = EB9F63EA1D787DB800832CC6 /* Project object */;
			proxyType = 1;
			remoteGlobalIDString = EB9F63F11D787DB800832CC6;
			remoteInfo = "Zaragoza’s bus info";
		};
		EB9F64121D787DB800832CC6 /* PBXContainerItemProxy */ = {
			isa = PBXContainerItemProxy;
			containerPortal = EB9F63EA1D787DB800832CC6 /* Project object */;
			proxyType = 1;
			remoteGlobalIDString = EB9F63F11D787DB800832CC6;
			remoteInfo = "Zaragoza’s bus info";
		};
/* End PBXContainerItemProxy section */

/* Begin PBXFileReference section */
		EB9F63F21D787DB800832CC6 /* Zaragoza’s bus info.app */ = {isa = PBXFileReference; explicitFileType = wrapper.application; includeInIndex = 0; path = "Zaragoza’s bus info.app"; sourceTree = BUILT_PRODUCTS_DIR; };
		EB9F63FC1D787DB800832CC6 /* Assets.xcassets */ = {isa = PBXFileReference; lastKnownFileType = folder.assetcatalog; path = Assets.xcassets; sourceTree = "<group>"; };
		EB9F64061D787DB800832CC6 /* Zaragoza’s bus infoTests.xctest */ = {isa = PBXFileReference; explicitFileType = wrapper.cfbundle; includeInIndex = 0; path = "Zaragoza’s bus infoTests.xctest"; sourceTree = BUILT_PRODUCTS_DIR; };
		EB9F640C1D787DB800832CC6 /* Info.plist */ = {isa = PBXFileReference; lastKnownFileType = text.plist.xml; path = Info.plist; sourceTree = "<group>"; };
		EB9F64111D787DB800832CC6 /* Zaragoza’s bus infoUITests.xctest */ = {isa = PBXFileReference; explicitFileType = wrapper.cfbundle; includeInIndex = 0; path = "Zaragoza’s bus infoUITests.xctest"; sourceTree = BUILT_PRODUCTS_DIR; };
		EB9F64151D787DB800832CC6 /* Zaragoza_s_bus_infoUITests.swift */ = {isa = PBXFileReference; lastKnownFileType = sourcecode.swift; path = Zaragoza_s_bus_infoUITests.swift; sourceTree = "<group>"; };
		EB9F64171D787DB800832CC6 /* Info.plist */ = {isa = PBXFileReference; lastKnownFileType = text.plist.xml; path = Info.plist; sourceTree = "<group>"; };
		EB9F64261D787F7500832CC6 /* LaunchScreen.storyboard */ = {isa = PBXFileReference; fileEncoding = 4; lastKnownFileType = file.storyboard; path = LaunchScreen.storyboard; sourceTree = "<group>"; };
		EB9F64271D787F7500832CC6 /* Main.storyboard */ = {isa = PBXFileReference; fileEncoding = 4; lastKnownFileType = file.storyboard; path = Main.storyboard; sourceTree = "<group>"; };
		EB9F642A1D787F8500832CC6 /* AppDelegate.swift */ = {isa = PBXFileReference; fileEncoding = 4; lastKnownFileType = sourcecode.swift; path = AppDelegate.swift; sourceTree = "<group>"; };
		EB9F642B1D787F8500832CC6 /* Info.plist */ = {isa = PBXFileReference; fileEncoding = 4; lastKnownFileType = text.plist.xml; path = Info.plist; sourceTree = "<group>"; };
		EB9F642E1D787FC700832CC6 /* MainViewController.swift */ = {isa = PBXFileReference; fileEncoding = 4; lastKnownFileType = sourcecode.swift; path = MainViewController.swift; sourceTree = "<group>"; };
		EB9F64331D7880DE00832CC6 /* APIRequest.swift */ = {isa = PBXFileReference; fileEncoding = 4; lastKnownFileType = sourcecode.swift; path = APIRequest.swift; sourceTree = "<group>"; };
		EB9F64361D78864700832CC6 /* BusStopsAPIRequest.swift */ = {isa = PBXFileReference; fileEncoding = 4; lastKnownFileType = sourcecode.swift; path = BusStopsAPIRequest.swift; sourceTree = "<group>"; };
		EB9F643B1D7887D100832CC6 /* BusStop.swift */ = {isa = PBXFileReference; fileEncoding = 4; lastKnownFileType = sourcecode.swift; path = BusStop.swift; sourceTree = "<group>"; };
		EB9F643D1D78898400832CC6 /* BusStopsAPIRequestTests.swift */ = {isa = PBXFileReference; fileEncoding = 4; lastKnownFileType = sourcecode.swift; path = BusStopsAPIRequestTests.swift; sourceTree = "<group>"; };
		EB9F643F1D7889F000832CC6 /* BusStopsPopulated.txt */ = {isa = PBXFileReference; fileEncoding = 4; lastKnownFileType = text; path = BusStopsPopulated.txt; sourceTree = "<group>"; };
		EB9F64441D78A6BC00832CC6 /* BusStopsEmpty.txt */ = {isa = PBXFileReference; fileEncoding = 4; lastKnownFileType = text; path = BusStopsEmpty.txt; sourceTree = "<group>"; };
		EB9F64451D78A6BC00832CC6 /* BusStopsOneLocation.txt */ = {isa = PBXFileReference; fileEncoding = 4; lastKnownFileType = text; path = BusStopsOneLocation.txt; sourceTree = "<group>"; };
		EB9F644C1D78B50300832CC6 /* BusStopCell.swift */ = {isa = PBXFileReference; fileEncoding = 4; lastKnownFileType = sourcecode.swift; path = BusStopCell.swift; sourceTree = "<group>"; };
		EB9F64501D78C9F600832CC6 /* MapImageAPIRequest.swift */ = {isa = PBXFileReference; fileEncoding = 4; lastKnownFileType = sourcecode.swift; path = MapImageAPIRequest.swift; sourceTree = "<group>"; };
		EBAB39721D7967890024D72D /* BusArrival.swift */ = {isa = PBXFileReference; fileEncoding = 4; lastKnownFileType = sourcecode.swift; path = BusArrival.swift; sourceTree = "<group>"; };
		EBAB39751D796D7C0024D72D /* BusArrivalsEmpty.txt */ = {isa = PBXFileReference; fileEncoding = 4; lastKnownFileType = text; path = BusArrivalsEmpty.txt; sourceTree = "<group>"; };
		EBAB39761D796D7C0024D72D /* BusArrivalsOneEstimate.txt */ = {isa = PBXFileReference; fileEncoding = 4; lastKnownFileType = text; path = BusArrivalsOneEstimate.txt; sourceTree = "<group>"; };
		EBAB397B1D797D8E0024D72D /* MainViewModel.swift */ = {isa = PBXFileReference; fileEncoding = 4; lastKnownFileType = sourcecode.swift; path = MainViewModel.swift; sourceTree = "<group>"; };
		EBAFA8701D78DD8500A3DF0A /* BusArrivalAPIRequest.swift */ = {isa = PBXFileReference; fileEncoding = 4; lastKnownFileType = sourcecode.swift; path = BusArrivalAPIRequest.swift; sourceTree = "<group>"; };
		EBAFA8721D79653A00A3DF0A /* BusArrivalsPopulated.txt */ = {isa = PBXFileReference; fileEncoding = 4; lastKnownFileType = text; path = BusArrivalsPopulated.txt; sourceTree = "<group>"; };
		EBAFA8741D79654D00A3DF0A /* BusArrivalAPIRequestTests.swift */ = {isa = PBXFileReference; fileEncoding = 4; lastKnownFileType = sourcecode.swift; path = BusArrivalAPIRequestTests.swift; sourceTree = "<group>"; };
/* End PBXFileReference section */

/* Begin PBXFrameworksBuildPhase section */
		EB9F63EF1D787DB800832CC6 /* Frameworks */ = {
			isa = PBXFrameworksBuildPhase;
			buildActionMask = 2147483647;
			files = (
			);
			runOnlyForDeploymentPostprocessing = 0;
		};
		EB9F64031D787DB800832CC6 /* Frameworks */ = {
			isa = PBXFrameworksBuildPhase;
			buildActionMask = 2147483647;
			files = (
			);
			runOnlyForDeploymentPostprocessing = 0;
		};
		EB9F640E1D787DB800832CC6 /* Frameworks */ = {
			isa = PBXFrameworksBuildPhase;
			buildActionMask = 2147483647;
			files = (
			);
			runOnlyForDeploymentPostprocessing = 0;
		};
/* End PBXFrameworksBuildPhase section */

/* Begin PBXGroup section */
		EB9F63E91D787DB800832CC6 = {
			isa = PBXGroup;
			children = (
				EB9F63F41D787DB800832CC6 /* Zaragoza’s bus info */,
				EB9F64091D787DB800832CC6 /* Zaragoza’s bus infoTests */,
				EB9F64141D787DB800832CC6 /* Zaragoza’s bus infoUITests */,
				EB9F63F31D787DB800832CC6 /* Products */,
			);
			sourceTree = "<group>";
		};
		EB9F63F31D787DB800832CC6 /* Products */ = {
			isa = PBXGroup;
			children = (
				EB9F63F21D787DB800832CC6 /* Zaragoza’s bus info.app */,
				EB9F64061D787DB800832CC6 /* Zaragoza’s bus infoTests.xctest */,
				EB9F64111D787DB800832CC6 /* Zaragoza’s bus infoUITests.xctest */,
			);
			name = Products;
			sourceTree = "<group>";
		};
		EB9F63F41D787DB800832CC6 /* Zaragoza’s bus info */ = {
			isa = PBXGroup;
			children = (
				EB9F64251D787F3900832CC6 /* Entry point */,
				EB9F64231D787F1000832CC6 /* Model */,
				EB9F64241D787F2500832CC6 /* User interface */,
				EB9F63FC1D787DB800832CC6 /* Assets.xcassets */,
			);
			path = "Zaragoza’s bus info";
			sourceTree = "<group>";
		};
		EB9F64091D787DB800832CC6 /* Zaragoza’s bus infoTests */ = {
			isa = PBXGroup;
			children = (
				EB9F64441D78A6BC00832CC6 /* BusStopsEmpty.txt */,
				EB9F64451D78A6BC00832CC6 /* BusStopsOneLocation.txt */,
				EB9F643F1D7889F000832CC6 /* BusStopsPopulated.txt */,
				EBAB39751D796D7C0024D72D /* BusArrivalsEmpty.txt */,
				EBAB39761D796D7C0024D72D /* BusArrivalsOneEstimate.txt */,
				EBAFA8721D79653A00A3DF0A /* BusArrivalsPopulated.txt */,
				EB9F640C1D787DB800832CC6 /* Info.plist */,
				EB9F643D1D78898400832CC6 /* BusStopsAPIRequestTests.swift */,
				EBAFA8741D79654D00A3DF0A /* BusArrivalAPIRequestTests.swift */,
			);
			path = "Zaragoza’s bus infoTests";
			sourceTree = "<group>";
		};
		EB9F64141D787DB800832CC6 /* Zaragoza’s bus infoUITests */ = {
			isa = PBXGroup;
			children = (
				EB9F64151D787DB800832CC6 /* Zaragoza_s_bus_infoUITests.swift */,
				EB9F64171D787DB800832CC6 /* Info.plist */,
			);
			path = "Zaragoza’s bus infoUITests";
			sourceTree = "<group>";
		};
		EB9F64231D787F1000832CC6 /* Model */ = {
			isa = PBXGroup;
			children = (
				EB9F64381D78875000832CC6 /* Entities */,
				EB9F64321D78807D00832CC6 /* Server */,
			);
			path = Model;
			sourceTree = "<group>";
		};
		EB9F64241D787F2500832CC6 /* User interface */ = {
			isa = PBXGroup;
			children = (
				EB9F64261D787F7500832CC6 /* LaunchScreen.storyboard */,
				EB9F64271D787F7500832CC6 /* Main.storyboard */,
				EB9F642E1D787FC700832CC6 /* MainViewController.swift */,
				EBAB397B1D797D8E0024D72D /* MainViewModel.swift */,
				EB9F644C1D78B50300832CC6 /* BusStopCell.swift */,
			);
			path = "User interface";
			sourceTree = "<group>";
		};
		EB9F64251D787F3900832CC6 /* Entry point */ = {
			isa = PBXGroup;
			children = (
				EB9F642A1D787F8500832CC6 /* AppDelegate.swift */,
				EB9F642B1D787F8500832CC6 /* Info.plist */,
			);
			path = "Entry point";
			sourceTree = "<group>";
		};
		EB9F64321D78807D00832CC6 /* Server */ = {
			isa = PBXGroup;
			children = (
				EB9F64331D7880DE00832CC6 /* APIRequest.swift */,
				EB9F64361D78864700832CC6 /* BusStopsAPIRequest.swift */,
				EB9F64501D78C9F600832CC6 /* MapImageAPIRequest.swift */,
				EBAFA8701D78DD8500A3DF0A /* BusArrivalAPIRequest.swift */,
			);
			path = Server;
			sourceTree = "<group>";
		};
		EB9F64381D78875000832CC6 /* Entities */ = {
			isa = PBXGroup;
			children = (
				EB9F643B1D7887D100832CC6 /* BusStop.swift */,
				EBAB39721D7967890024D72D /* BusArrival.swift */,
			);
			path = Entities;
			sourceTree = "<group>";
		};
/* End PBXGroup section */

/* Begin PBXNativeTarget section */
		EB9F63F11D787DB800832CC6 /* Zaragoza’s bus info */ = {
			isa = PBXNativeTarget;
			buildConfigurationList = EB9F641A1D787DB800832CC6 /* Build configuration list for PBXNativeTarget "Zaragoza’s bus info" */;
			buildPhases = (
				EB9F63EE1D787DB800832CC6 /* Sources */,
				EB9F63EF1D787DB800832CC6 /* Frameworks */,
				EB9F63F01D787DB800832CC6 /* Resources */,
			);
			buildRules = (
			);
			dependencies = (
			);
			name = "Zaragoza’s bus info";
			productName = "Zaragoza’s bus info";
			productReference = EB9F63F21D787DB800832CC6 /* Zaragoza’s bus info.app */;
			productType = "com.apple.product-type.application";
		};
		EB9F64051D787DB800832CC6 /* Zaragoza’s bus infoTests */ = {
			isa = PBXNativeTarget;
			buildConfigurationList = EB9F641D1D787DB800832CC6 /* Build configuration list for PBXNativeTarget "Zaragoza’s bus infoTests" */;
			buildPhases = (
				EB9F64021D787DB800832CC6 /* Sources */,
				EB9F64031D787DB800832CC6 /* Frameworks */,
				EB9F64041D787DB800832CC6 /* Resources */,
			);
			buildRules = (
			);
			dependencies = (
				EB9F64081D787DB800832CC6 /* PBXTargetDependency */,
			);
			name = "Zaragoza’s bus infoTests";
			productName = "Zaragoza’s bus infoTests";
			productReference = EB9F64061D787DB800832CC6 /* Zaragoza’s bus infoTests.xctest */;
			productType = "com.apple.product-type.bundle.unit-test";
		};
		EB9F64101D787DB800832CC6 /* Zaragoza’s bus infoUITests */ = {
			isa = PBXNativeTarget;
			buildConfigurationList = EB9F64201D787DB800832CC6 /* Build configuration list for PBXNativeTarget "Zaragoza’s bus infoUITests" */;
			buildPhases = (
				EB9F640D1D787DB800832CC6 /* Sources */,
				EB9F640E1D787DB800832CC6 /* Frameworks */,
				EB9F640F1D787DB800832CC6 /* Resources */,
			);
			buildRules = (
			);
			dependencies = (
				EB9F64131D787DB800832CC6 /* PBXTargetDependency */,
			);
			name = "Zaragoza’s bus infoUITests";
			productName = "Zaragoza’s bus infoUITests";
			productReference = EB9F64111D787DB800832CC6 /* Zaragoza’s bus infoUITests.xctest */;
			productType = "com.apple.product-type.bundle.ui-testing";
		};
/* End PBXNativeTarget section */

/* Begin PBXProject section */
		EB9F63EA1D787DB800832CC6 /* Project object */ = {
			isa = PBXProject;
			attributes = {
				LastSwiftUpdateCheck = 0730;
				LastUpgradeCheck = 0730;
				ORGANIZATIONNAME = "Miso Lubarda";
				TargetAttributes = {
					EB9F63F11D787DB800832CC6 = {
						CreatedOnToolsVersion = 7.3.1;
						DevelopmentTeam = GF94NY638N;
					};
					EB9F64051D787DB800832CC6 = {
						CreatedOnToolsVersion = 7.3.1;
						TestTargetID = EB9F63F11D787DB800832CC6;
					};
					EB9F64101D787DB800832CC6 = {
						CreatedOnToolsVersion = 7.3.1;
						TestTargetID = EB9F63F11D787DB800832CC6;
					};
				};
			};
			buildConfigurationList = EB9F63ED1D787DB800832CC6 /* Build configuration list for PBXProject "Zaragoza’s bus info" */;
			compatibilityVersion = "Xcode 3.2";
			developmentRegion = English;
			hasScannedForEncodings = 0;
			knownRegions = (
				en,
				Base,
			);
			mainGroup = EB9F63E91D787DB800832CC6;
			productRefGroup = EB9F63F31D787DB800832CC6 /* Products */;
			projectDirPath = "";
			projectRoot = "";
			targets = (
				EB9F63F11D787DB800832CC6 /* Zaragoza’s bus info */,
				EB9F64051D787DB800832CC6 /* Zaragoza’s bus infoTests */,
				EB9F64101D787DB800832CC6 /* Zaragoza’s bus infoUITests */,
			);
		};
/* End PBXProject section */

/* Begin PBXResourcesBuildPhase section */
		EB9F63F01D787DB800832CC6 /* Resources */ = {
			isa = PBXResourcesBuildPhase;
			buildActionMask = 2147483647;
			files = (
				EBAFA86E1D78CAAD00A3DF0A /* Info.plist in Resources */,
				EB9F64291D787F7500832CC6 /* Main.storyboard in Resources */,
				EB9F63FD1D787DB800832CC6 /* Assets.xcassets in Resources */,
				EBAB39771D796D7C0024D72D /* BusArrivalsEmpty.txt in Resources */,
				EBAB39791D796D7C0024D72D /* BusArrivalsOneEstimate.txt in Resources */,
				EB9F64281D787F7500832CC6 /* LaunchScreen.storyboard in Resources */,
			);
			runOnlyForDeploymentPostprocessing = 0;
		};
		EB9F64041D787DB800832CC6 /* Resources */ = {
			isa = PBXResourcesBuildPhase;
			buildActionMask = 2147483647;
			files = (
				EB9F64471D78A6BC00832CC6 /* BusStopsOneLocation.txt in Resources */,
				EB9F64401D7889F000832CC6 /* BusStopsPopulated.txt in Resources */,
				EBAFA8731D79653A00A3DF0A /* BusArrivalsPopulated.txt in Resources */,
				EBAB39781D796D7C0024D72D /* BusArrivalsEmpty.txt in Resources */,
				EBAB397A1D796D7C0024D72D /* BusArrivalsOneEstimate.txt in Resources */,
				EB9F64461D78A6BC00832CC6 /* BusStopsEmpty.txt in Resources */,
			);
			runOnlyForDeploymentPostprocessing = 0;
		};
		EB9F640F1D787DB800832CC6 /* Resources */ = {
			isa = PBXResourcesBuildPhase;
			buildActionMask = 2147483647;
			files = (
			);
			runOnlyForDeploymentPostprocessing = 0;
		};
/* End PBXResourcesBuildPhase section */

/* Begin PBXSourcesBuildPhase section */
		EB9F63EE1D787DB800832CC6 /* Sources */ = {
			isa = PBXSourcesBuildPhase;
			buildActionMask = 2147483647;
			files = (
				EBAB39731D7967890024D72D /* BusArrival.swift in Sources */,
				EB9F643C1D7887D100832CC6 /* BusStop.swift in Sources */,
				EB9F642C1D787F8500832CC6 /* AppDelegate.swift in Sources */,
				EB9F64511D78C9F600832CC6 /* MapImageAPIRequest.swift in Sources */,
				EBAFA8711D78DD8500A3DF0A /* BusArrivalAPIRequest.swift in Sources */,
				EBAB397C1D797D8E0024D72D /* MainViewModel.swift in Sources */,
				EB9F64371D78864700832CC6 /* BusStopsAPIRequest.swift in Sources */,
				EB9F644D1D78B50300832CC6 /* BusStopCell.swift in Sources */,
				EB9F64351D78851B00832CC6 /* APIRequest.swift in Sources */,
				EB9F642F1D787FC700832CC6 /* MainViewController.swift in Sources */,
			);
			runOnlyForDeploymentPostprocessing = 0;
		};
		EB9F64021D787DB800832CC6 /* Sources */ = {
			isa = PBXSourcesBuildPhase;
			buildActionMask = 2147483647;
			files = (
				EBAFA86F1D78CAC100A3DF0A /* MapImageAPIRequest.swift in Sources */,
				EBAFA8751D79654D00A3DF0A /* BusArrivalAPIRequestTests.swift in Sources */,
				EB9F64411D788A9C00832CC6 /* BusStop.swift in Sources */,
				EBAFA8771D79667400A3DF0A /* BusArrivalAPIRequest.swift in Sources */,
				EB9F643E1D78898400832CC6 /* BusStopsAPIRequestTests.swift in Sources */,
				EB9F64431D788D2C00832CC6 /* APIRequest.swift in Sources */,
				EBAB39741D7967890024D72D /* BusArrival.swift in Sources */,
				EB9F64421D788AA400832CC6 /* BusStopsAPIRequest.swift in Sources */,
			);
			runOnlyForDeploymentPostprocessing = 0;
		};
		EB9F640D1D787DB800832CC6 /* Sources */ = {
			isa = PBXSourcesBuildPhase;
			buildActionMask = 2147483647;
			files = (
				EB9F64161D787DB800832CC6 /* Zaragoza_s_bus_infoUITests.swift in Sources */,
			);
			runOnlyForDeploymentPostprocessing = 0;
		};
/* End PBXSourcesBuildPhase section */

/* Begin PBXTargetDependency section */
		EB9F64081D787DB800832CC6 /* PBXTargetDependency */ = {
			isa = PBXTargetDependency;
			target = EB9F63F11D787DB800832CC6 /* Zaragoza’s bus info */;
			targetProxy = EB9F64071D787DB800832CC6 /* PBXContainerItemProxy */;
		};
		EB9F64131D787DB800832CC6 /* PBXTargetDependency */ = {
			isa = PBXTargetDependency;
			target = EB9F63F11D787DB800832CC6 /* Zaragoza’s bus info */;
			targetProxy = EB9F64121D787DB800832CC6 /* PBXContainerItemProxy */;
		};
/* End PBXTargetDependency section */

/* Begin XCBuildConfiguration section */
		EB9F64181D787DB800832CC6 /* Debug */ = {
			isa = XCBuildConfiguration;
			buildSettings = {
				ALWAYS_SEARCH_USER_PATHS = NO;
				CLANG_ANALYZER_NONNULL = YES;
				CLANG_CXX_LANGUAGE_STANDARD = "gnu++0x";
				CLANG_CXX_LIBRARY = "libc++";
				CLANG_ENABLE_MODULES = YES;
				CLANG_ENABLE_OBJC_ARC = YES;
				CLANG_WARN_BOOL_CONVERSION = YES;
				CLANG_WARN_CONSTANT_CONVERSION = YES;
				CLANG_WARN_DIRECT_OBJC_ISA_USAGE = YES_ERROR;
				CLANG_WARN_EMPTY_BODY = YES;
				CLANG_WARN_ENUM_CONVERSION = YES;
				CLANG_WARN_INT_CONVERSION = YES;
				CLANG_WARN_OBJC_ROOT_CLASS = YES_ERROR;
				CLANG_WARN_UNREACHABLE_CODE = YES;
				CLANG_WARN__DUPLICATE_METHOD_MATCH = YES;
				"CODE_SIGN_IDENTITY[sdk=iphoneos*]" = "iPhone Developer";
				COPY_PHASE_STRIP = NO;
				DEBUG_INFORMATION_FORMAT = dwarf;
				ENABLE_STRICT_OBJC_MSGSEND = YES;
				ENABLE_TESTABILITY = YES;
				GCC_C_LANGUAGE_STANDARD = gnu99;
				GCC_DYNAMIC_NO_PIC = NO;
				GCC_NO_COMMON_BLOCKS = YES;
				GCC_OPTIMIZATION_LEVEL = 0;
				GCC_PREPROCESSOR_DEFINITIONS = (
					"DEBUG=1",
					"$(inherited)",
				);
				GCC_WARN_64_TO_32_BIT_CONVERSION = YES;
				GCC_WARN_ABOUT_RETURN_TYPE = YES_ERROR;
				GCC_WARN_UNDECLARED_SELECTOR = YES;
				GCC_WARN_UNINITIALIZED_AUTOS = YES_AGGRESSIVE;
				GCC_WARN_UNUSED_FUNCTION = YES;
				GCC_WARN_UNUSED_VARIABLE = YES;
				IPHONEOS_DEPLOYMENT_TARGET = 9.3;
				MTL_ENABLE_DEBUG_INFO = YES;
				ONLY_ACTIVE_ARCH = YES;
				SDKROOT = iphoneos;
				SWIFT_OPTIMIZATION_LEVEL = "-Onone";
			};
			name = Debug;
		};
		EB9F64191D787DB800832CC6 /* Release */ = {
			isa = XCBuildConfiguration;
			buildSettings = {
				ALWAYS_SEARCH_USER_PATHS = NO;
				CLANG_ANALYZER_NONNULL = YES;
				CLANG_CXX_LANGUAGE_STANDARD = "gnu++0x";
				CLANG_CXX_LIBRARY = "libc++";
				CLANG_ENABLE_MODULES = YES;
				CLANG_ENABLE_OBJC_ARC = YES;
				CLANG_WARN_BOOL_CONVERSION = YES;
				CLANG_WARN_CONSTANT_CONVERSION = YES;
				CLANG_WARN_DIRECT_OBJC_ISA_USAGE = YES_ERROR;
				CLANG_WARN_EMPTY_BODY = YES;
				CLANG_WARN_ENUM_CONVERSION = YES;
				CLANG_WARN_INT_CONVERSION = YES;
				CLANG_WARN_OBJC_ROOT_CLASS = YES_ERROR;
				CLANG_WARN_UNREACHABLE_CODE = YES;
				CLANG_WARN__DUPLICATE_METHOD_MATCH = YES;
				"CODE_SIGN_IDENTITY[sdk=iphoneos*]" = "iPhone Developer";
				COPY_PHASE_STRIP = NO;
				DEBUG_INFORMATION_FORMAT = "dwarf-with-dsym";
				ENABLE_NS_ASSERTIONS = NO;
				ENABLE_STRICT_OBJC_MSGSEND = YES;
				GCC_C_LANGUAGE_STANDARD = gnu99;
				GCC_NO_COMMON_BLOCKS = YES;
				GCC_WARN_64_TO_32_BIT_CONVERSION = YES;
				GCC_WARN_ABOUT_RETURN_TYPE = YES_ERROR;
				GCC_WARN_UNDECLARED_SELECTOR = YES;
				GCC_WARN_UNINITIALIZED_AUTOS = YES_AGGRESSIVE;
				GCC_WARN_UNUSED_FUNCTION = YES;
				GCC_WARN_UNUSED_VARIABLE = YES;
				IPHONEOS_DEPLOYMENT_TARGET = 9.3;
				MTL_ENABLE_DEBUG_INFO = NO;
				SDKROOT = iphoneos;
				VALIDATE_PRODUCT = YES;
			};
			name = Release;
		};
		EB9F641B1D787DB800832CC6 /* Debug */ = {
			isa = XCBuildConfiguration;
			buildSettings = {
				ASSETCATALOG_COMPILER_APPICON_NAME = AppIcon;
				CLANG_ENABLE_MODULES = YES;
				CODE_SIGN_IDENTITY = "iPhone Developer";
				INFOPLIST_FILE = "$(SRCROOT)/Zaragoza’s bus info/Entry point/Info.plist";
				LD_RUNPATH_SEARCH_PATHS = "$(inherited) @executable_path/Frameworks";
				PRODUCT_BUNDLE_IDENTIFIER = com.misolubarda.test001;
				PRODUCT_NAME = "$(TARGET_NAME)";
				SWIFT_OPTIMIZATION_LEVEL = "-Onone";
			};
			name = Debug;
		};
		EB9F641C1D787DB800832CC6 /* Release */ = {
			isa = XCBuildConfiguration;
			buildSettings = {
				ASSETCATALOG_COMPILER_APPICON_NAME = AppIcon;
				CLANG_ENABLE_MODULES = YES;
				CODE_SIGN_IDENTITY = "iPhone Developer";
				INFOPLIST_FILE = "$(SRCROOT)/Zaragoza’s bus info/Entry point/Info.plist";
				LD_RUNPATH_SEARCH_PATHS = "$(inherited) @executable_path/Frameworks";
				PRODUCT_BUNDLE_IDENTIFIER = com.misolubarda.test001;
				PRODUCT_NAME = "$(TARGET_NAME)";
			};
			name = Release;
		};
		EB9F641E1D787DB800832CC6 /* Debug */ = {
			isa = XCBuildConfiguration;
			buildSettings = {
				BUNDLE_LOADER = "$(TEST_HOST)";
				CLANG_ENABLE_MODULES = YES;
				INFOPLIST_FILE = "Zaragoza’s bus infoTests/Info.plist";
				LD_RUNPATH_SEARCH_PATHS = "$(inherited) @executable_path/Frameworks @loader_path/Frameworks";
				PRODUCT_BUNDLE_IDENTIFIER = "misolubarda.conichi.zaragoza.Zaragoza-s-bus-infoTests";
				PRODUCT_NAME = "$(TARGET_NAME)";
				SWIFT_OPTIMIZATION_LEVEL = "-Onone";
				TEST_HOST = "$(BUILT_PRODUCTS_DIR)/Zaragoza’s bus info.app/Zaragoza’s bus info";
			};
			name = Debug;
		};
		EB9F641F1D787DB800832CC6 /* Release */ = {
			isa = XCBuildConfiguration;
			buildSettings = {
				BUNDLE_LOADER = "$(TEST_HOST)";
				CLANG_ENABLE_MODULES = YES;
				INFOPLIST_FILE = "Zaragoza’s bus infoTests/Info.plist";
				LD_RUNPATH_SEARCH_PATHS = "$(inherited) @executable_path/Frameworks @loader_path/Frameworks";
				PRODUCT_BUNDLE_IDENTIFIER = "misolubarda.conichi.zaragoza.Zaragoza-s-bus-infoTests";
				PRODUCT_NAME = "$(TARGET_NAME)";
				TEST_HOST = "$(BUILT_PRODUCTS_DIR)/Zaragoza’s bus info.app/Zaragoza’s bus info";
			};
			name = Release;
		};
		EB9F64211D787DB800832CC6 /* Debug */ = {
			isa = XCBuildConfiguration;
			buildSettings = {
				INFOPLIST_FILE = "Zaragoza’s bus infoUITests/Info.plist";
				LD_RUNPATH_SEARCH_PATHS = "$(inherited) @executable_path/Frameworks @loader_path/Frameworks";
				PRODUCT_BUNDLE_IDENTIFIER = "misolubarda.conichi.zaragoza.Zaragoza-s-bus-infoUITests";
				PRODUCT_NAME = "$(TARGET_NAME)";
				TEST_TARGET_NAME = "Zaragoza’s bus info";
			};
			name = Debug;
		};
		EB9F64221D787DB800832CC6 /* Release */ = {
			isa = XCBuildConfiguration;
			buildSettings = {
				INFOPLIST_FILE = "Zaragoza’s bus infoUITests/Info.plist";
				LD_RUNPATH_SEARCH_PATHS = "$(inherited) @executable_path/Frameworks @loader_path/Frameworks";
				PRODUCT_BUNDLE_IDENTIFIER = "misolubarda.conichi.zaragoza.Zaragoza-s-bus-infoUITests";
				PRODUCT_NAME = "$(TARGET_NAME)";
				TEST_TARGET_NAME = "Zaragoza’s bus info";
			};
			name = Release;
		};
/* End XCBuildConfiguration section */

/* Begin XCConfigurationList section */
		EB9F63ED1D787DB800832CC6 /* Build configuration list for PBXProject "Zaragoza’s bus info" */ = {
			isa = XCConfigurationList;
			buildConfigurations = (
				EB9F64181D787DB800832CC6 /* Debug */,
				EB9F64191D787DB800832CC6 /* Release */,
			);
			defaultConfigurationIsVisible = 0;
			defaultConfigurationName = Release;
		};
		EB9F641A1D787DB800832CC6 /* Build configuration list for PBXNativeTarget "Zaragoza’s bus info" */ = {
			isa = XCConfigurationList;
			buildConfigurations = (
				EB9F641B1D787DB800832CC6 /* Debug */,
				EB9F641C1D787DB800832CC6 /* Release */,
			);
			defaultConfigurationIsVisible = 0;
			defaultConfigurationName = Release;
		};
		EB9F641D1D787DB800832CC6 /* Build configuration list for PBXNativeTarget "Zaragoza’s bus infoTests" */ = {
			isa = XCConfigurationList;
			buildConfigurations = (
				EB9F641E1D787DB800832CC6 /* Debug */,
				EB9F641F1D787DB800832CC6 /* Release */,
			);
			defaultConfigurationIsVisible = 0;
			defaultConfigurationName = Release;
		};
		EB9F64201D787DB800832CC6 /* Build configuration list for PBXNativeTarget "Zaragoza’s bus infoUITests" */ = {
			isa = XCConfigurationList;
			buildConfigurations = (
				EB9F64211D787DB800832CC6 /* Debug */,
				EB9F64221D787DB800832CC6 /* Release */,
			);
			defaultConfigurationIsVisible = 0;
			defaultConfigurationName = Release;
		};
/* End XCConfigurationList section */
	};
	rootObject = EB9F63EA1D787DB800832CC6 /* Project object */;
}
